
Microsoft Visual Studio Solution File, Format Version 12.00
# Visual Studio Version 17
VisualStudioVersion = 17.3.32819.101
MinimumVisualStudioVersion = 10.0.40219.1
Project("{FAE04EC0-301F-11D3-BF4B-00C04F79EFBC}") = "PracticaIVAdopcion", "PracticaIVAdopcion\PracticaIVAdopcion.csproj", "{6C5FF4F0-7224-4709-817F-20DAB66F6330}"
EndProject
Global
	GlobalSection(SolutionConfigurationPlatforms) = preSolution
		Debug|Any CPU = Debug|Any CPU
		Release|Any CPU = Release|Any CPU
	EndGlobalSection
	GlobalSection(ProjectConfigurationPlatforms) = postSolution
		{6C5FF4F0-7224-4709-817F-20DAB66F6330}.Debug|Any CPU.ActiveCfg = Debug|Any CPU
		{6C5FF4F0-7224-4709-817F-20DAB66F6330}.Debug|Any CPU.Build.0 = Debug|Any CPU
		{6C5FF4F0-7224-4709-817F-20DAB66F6330}.Release|Any CPU.ActiveCfg = Release|Any CPU
		{6C5FF4F0-7224-4709-817F-20DAB66F6330}.Release|Any CPU.Build.0 = Release|Any CPU
	EndGlobalSection
	GlobalSection(SolutionProperties) = preSolution
		HideSolutionNode = FALSE
	EndGlobalSection
	GlobalSection(ExtensibilityGlobals) = postSolution
		SolutionGuid = {F1342024-A786-4044-8FCC-EEC2E4E18068}
	EndGlobalSection
EndGlobal
